
Microsoft Visual Studio Solution File, Format Version 12.00
# Visual Studio Version 17
VisualStudioVersion = 17.10.35122.118
MinimumVisualStudioVersion = 10.0.40219.1
Project("{FAE04EC0-301F-11D3-BF4B-00C04F79EFBC}") = "практика 7.1", "практика 7.1\практика 7.1.csproj", "{EC38D0D9-6B1B-426C-898B-9A4811F83B50}"
EndProject
Global
	GlobalSection(SolutionConfigurationPlatforms) = preSolution
		Debug|Any CPU = Debug|Any CPU
		Release|Any CPU = Release|Any CPU
	EndGlobalSection
	GlobalSection(ProjectConfigurationPlatforms) = postSolution
		{EC38D0D9-6B1B-426C-898B-9A4811F83B50}.Debug|Any CPU.ActiveCfg = Debug|Any CPU
		{EC38D0D9-6B1B-426C-898B-9A4811F83B50}.Debug|Any CPU.Build.0 = Debug|Any CPU
		{EC38D0D9-6B1B-426C-898B-9A4811F83B50}.Release|Any CPU.ActiveCfg = Release|Any CPU
		{EC38D0D9-6B1B-426C-898B-9A4811F83B50}.Release|Any CPU.Build.0 = Release|Any CPU
	EndGlobalSection
	GlobalSection(SolutionProperties) = preSolution
		HideSolutionNode = FALSE
	EndGlobalSection
	GlobalSection(ExtensibilityGlobals) = postSolution
		SolutionGuid = {9A6778FC-2802-4ABE-B01D-EEBD4822F75E}
	EndGlobalSection
EndGlobal
